
Microsoft Visual Studio Solution File, Format Version 12.00
# Visual Studio Version 17
VisualStudioVersion = 17.8.34330.188
MinimumVisualStudioVersion = 10.0.40219.1
Project("{FAE04EC0-301F-11D3-BF4B-00C04F79EFBC}") = "accdb_to_xml_json", "accdb_to_xml_json\accdb_to_xml_json.csproj", "{61A43D75-E116-45C4-AD4A-E8A51C87C588}"
EndProject
Global
	GlobalSection(SolutionConfigurationPlatforms) = preSolution
		Debug|Any CPU = Debug|Any CPU
		Release|Any CPU = Release|Any CPU
	EndGlobalSection
	GlobalSection(ProjectConfigurationPlatforms) = postSolution
		{61A43D75-E116-45C4-AD4A-E8A51C87C588}.Debug|Any CPU.ActiveCfg = Debug|Any CPU
		{61A43D75-E116-45C4-AD4A-E8A51C87C588}.Debug|Any CPU.Build.0 = Debug|Any CPU
		{61A43D75-E116-45C4-AD4A-E8A51C87C588}.Release|Any CPU.ActiveCfg = Release|Any CPU
		{61A43D75-E116-45C4-AD4A-E8A51C87C588}.Release|Any CPU.Build.0 = Release|Any CPU
	EndGlobalSection
	GlobalSection(SolutionProperties) = preSolution
		HideSolutionNode = FALSE
	EndGlobalSection
	GlobalSection(ExtensibilityGlobals) = postSolution
		SolutionGuid = {0E3FA3DA-DDEA-4AE6-A622-497037A11F06}
	EndGlobalSection
EndGlobal
